<?xml version="1.0" encoding="utf-8"?>
<Project ToolsVersion="4.0" xmlns="http://schemas.microsoft.com/developer/msbuild/2003">
  <ItemGroup>
    <Filter Include="Source Files">
      <UniqueIdentifier>{4FC737F1-C7A5-4376-A066-2A32D752A2FF}</UniqueIdentifier>
      <Extensions>cpp;c;cc;cxx;def;odl;idl;hpj;bat;asm;asmx</Extensions>
    </Filter>
    <Filter Include="Header Files">
      <UniqueIdentifier>{93995380-89BD-4b04-88EB-625FBE52EBFB}</UniqueIdentifier>
      <Extensions>h;hh;hpp;hxx;hm;inl;inc;xsd</Extensions>
    </Filter>
    <Filter Include="Resource Files">
      <UniqueIdentifier>{D9D6E242-F8AF-46E4-B9FD-80ECBC20BA3E}</UniqueIdentifier>
      <Extensions>qrc;*</Extensions>
      <ParseFiles>false</ParseFiles>
    </Filter>
    <Filter Include="Form Files">
      <UniqueIdentifier>{99349809-55BA-4b9d-BF79-8FDBB0286EB3}</UniqueIdentifier>
      <Extensions>ui</Extensions>
    </Filter>
    <Filter Include="Resource Files">
      <UniqueIdentifier>{D9D6E242-F8AF-46E4-B9FD-80ECBC20BA3E}</UniqueIdentifier>
      <Extensions>qrc;*</Extensions>
      <ParseFiles>false</ParseFiles>
    </Filter>
    <Filter Include="Generated Files">
      <UniqueIdentifier>{71ED8ED8-ACB9-4CE9-BBE1-E00B30144E11}</UniqueIdentifier>
      <Extensions>moc;h;cpp</Extensions>
      <SourceControlFiles>False</SourceControlFiles>
    </Filter>
    <Filter Include="Foundation">
      <UniqueIdentifier>{d866995a-3174-41cb-b7df-78ffa94e9fd6}</UniqueIdentifier>
    </Filter>
    <Filter Include="Foundation\View">
      <UniqueIdentifier>{6701a94e-bb36-4b7a-99e7-e1c643f778f1}</UniqueIdentifier>
    </Filter>
    <Filter Include="Foundation\Effect">
      <UniqueIdentifier>{5ff73450-8e67-4978-8e2f-f9e57dfb6976}</UniqueIdentifier>
    </Filter>
    <Filter Include="Foundation\Control">
      <UniqueIdentifier>{6d35b995-5b0c-4058-b31e-b25271675c9c}</UniqueIdentifier>
    </Filter>
    <Filter Include="Foundation\Control\CaptionButton">
      <UniqueIdentifier>{4b88e3ba-238e-43fe-9f47-ee3aa28a53ab}</UniqueIdentifier>
    </Filter>
    <Filter Include="Foundation\Control\ActionButton">
      <UniqueIdentifier>{cce12cc1-02f2-46a0-bb18-566617bfd914}</UniqueIdentifier>
    </Filter>
    <Filter Include="Foundation\Control\ImageWidget">
      <UniqueIdentifier>{bdb80fff-6821-4b78-b32e-3dc312a39fed}</UniqueIdentifier>
    </Filter>
    <Filter Include="Foundation\Control\Label">
      <UniqueIdentifier>{0c34b8fc-7103-433b-845c-51631182dcd6}</UniqueIdentifier>
    </Filter>
    <Filter Include="Foundation\Control\Slider">
      <UniqueIdentifier>{cd0384bb-cf37-43ff-b3f0-7200450c7d1b}</UniqueIdentifier>
    </Filter>
    <Filter Include="Foundation\Control\Menu">
      <UniqueIdentifier>{6f285788-4cac-49ae-939e-ee24ee9e3cce}</UniqueIdentifier>
    </Filter>
    <Filter Include="Foundation\Core">
      <UniqueIdentifier>{ee48748b-042f-4326-b8f2-15beaa75c5a1}</UniqueIdentifier>
    </Filter>
  </ItemGroup>
  <ItemGroup>
    <ClCompile Include="main.cpp">
      <Filter>Source Files</Filter>
    </ClCompile>
    <ClCompile Include="stdafx.cpp">
      <Filter>Source Files</Filter>
    </ClCompile>
    <ClCompile Include="MainView.cpp">
      <Filter>Source Files</Filter>
    </ClCompile>
    <ClCompile Include="GeneratedFiles\Debug\moc_MainView.cpp">
      <Filter>Generated Files</Filter>
    </ClCompile>
    <ClCompile Include="GeneratedFiles\Release\moc_MainView.cpp">
      <Filter>Generated Files</Filter>
    </ClCompile>
    <ClCompile Include="GeneratedFiles\qrc_MainView.cpp">
      <Filter>Generated Files</Filter>
    </ClCompile>
    <ClCompile Include="GeneratedFiles\Debug\moc_BaseView.cpp">
      <Filter>Generated Files</Filter>
    </ClCompile>
    <ClCompile Include="GeneratedFiles\Release\moc_BaseView.cpp">
      <Filter>Generated Files</Filter>
    </ClCompile>
    <ClCompile Include="Foundation\View\BaseView.cpp">
      <Filter>Foundation\View</Filter>
    </ClCompile>
    <ClCompile Include="GeneratedFiles\Debug\moc_CaptionButton.cpp">
      <Filter>Generated Files</Filter>
    </ClCompile>
    <ClCompile Include="GeneratedFiles\Release\moc_CaptionButton.cpp">
      <Filter>Generated Files</Filter>
    </ClCompile>
    <ClCompile Include="Foundation\Control\CaptionButton.cpp">
      <Filter>Foundation\Control\CaptionButton</Filter>
    </ClCompile>
    <ClCompile Include="GeneratedFiles\Debug\moc_ActionButton.cpp">
      <Filter>Generated Files</Filter>
    </ClCompile>
    <ClCompile Include="GeneratedFiles\Release\moc_ActionButton.cpp">
      <Filter>Generated Files</Filter>
    </ClCompile>
    <ClCompile Include="Foundation\Control\ActionButton.cpp">
      <Filter>Foundation\Control\ActionButton</Filter>
    </ClCompile>
    <ClCompile Include="GeneratedFiles\Debug\moc_ImageWidget.cpp">
      <Filter>Generated Files</Filter>
    </ClCompile>
    <ClCompile Include="GeneratedFiles\Release\moc_ImageWidget.cpp">
      <Filter>Generated Files</Filter>
    </ClCompile>
    <ClCompile Include="Foundation\Control\ImageWidget.cpp">
      <Filter>Foundation\Control\ImageWidget</Filter>
    </ClCompile>
    <ClCompile Include="GeneratedFiles\Debug\moc_Label.cpp">
      <Filter>Generated Files</Filter>
    </ClCompile>
    <ClCompile Include="GeneratedFiles\Release\moc_Label.cpp">
      <Filter>Generated Files</Filter>
    </ClCompile>
    <ClCompile Include="Foundation\Control\Label.cpp">
      <Filter>Foundation\Control\Label</Filter>
    </ClCompile>
    <ClCompile Include="GeneratedFiles\Debug\moc_Slider.cpp">
      <Filter>Generated Files</Filter>
    </ClCompile>
    <ClCompile Include="GeneratedFiles\Release\moc_Slider.cpp">
      <Filter>Generated Files</Filter>
    </ClCompile>
    <ClCompile Include="Foundation\Control\Slider.cpp">
      <Filter>Foundation\Control\Slider</Filter>
    </ClCompile>
    <ClCompile Include="GeneratedFiles\Debug\moc_CustomShadowEffect.cpp">
      <Filter>Generated Files</Filter>
    </ClCompile>
    <ClCompile Include="GeneratedFiles\Release\moc_CustomShadowEffect.cpp">
      <Filter>Generated Files</Filter>
    </ClCompile>
    <ClCompile Include="Foundation\Effect\CustomShadowEffect.cpp">
      <Filter>Foundation\Effect</Filter>
    </ClCompile>
    <ClCompile Include="GeneratedFiles\Debug\moc_Menu.cpp">
      <Filter>Generated Files</Filter>
    </ClCompile>
    <ClCompile Include="GeneratedFiles\Release\moc_Menu.cpp">
      <Filter>Generated Files</Filter>
    </ClCompile>
    <ClCompile Include="Foundation\Control\Menu.cpp">
      <Filter>Foundation\Control\Menu</Filter>
    </ClCompile>
    <ClCompile Include="GeneratedFiles\Debug\moc_AboutView.cpp">
      <Filter>Generated Files</Filter>
    </ClCompile>
    <ClCompile Include="GeneratedFiles\Release\moc_AboutView.cpp">
      <Filter>Generated Files</Filter>
    </ClCompile>
    <ClCompile Include="Foundation\View\AboutView.cpp">
      <Filter>Foundation\View</Filter>
    </ClCompile>
    <ClCompile Include="GeneratedFiles\Debug\moc_SettingView.cpp">
      <Filter>Generated Files</Filter>
    </ClCompile>
    <ClCompile Include="GeneratedFiles\Release\moc_SettingView.cpp">
      <Filter>Generated Files</Filter>
    </ClCompile>
    <ClCompile Include="Foundation\View\SettingView.cpp">
      <Filter>Foundation\View</Filter>
    </ClCompile>
    <ClCompile Include="GeneratedFiles\qrc_icons.cpp">
      <Filter>Generated Files</Filter>
    </ClCompile>
    <ClCompile Include="GeneratedFiles\Debug\moc_SystemTray.cpp">
      <Filter>Generated Files</Filter>
    </ClCompile>
    <ClCompile Include="GeneratedFiles\Release\moc_SystemTray.cpp">
      <Filter>Generated Files</Filter>
    </ClCompile>
    <ClCompile Include="Foundation\Control\SystemTray.cpp">
      <Filter>Source Files</Filter>
    </ClCompile>
    <ClCompile Include="GeneratedFiles\Debug\moc_MUSIC_TAG_INFO.cpp">
      <Filter>Generated Files</Filter>
    </ClCompile>
    <ClCompile Include="GeneratedFiles\Release\moc_MUSIC_TAG_INFO.cpp">
      <Filter>Generated Files</Filter>
    </ClCompile>
    <ClCompile Include="Foundation\Core\MUSIC_TAG_INFO.cpp">
      <Filter>Foundation\Core</Filter>
    </ClCompile>
    <ClCompile Include="GeneratedFiles\Debug\moc_MUSIC_PLAYER.cpp">
      <Filter>Generated Files</Filter>
    </ClCompile>
    <ClCompile Include="GeneratedFiles\Release\moc_MUSIC_PLAYER.cpp">
      <Filter>Generated Files</Filter>
    </ClCompile>
    <ClCompile Include="Foundation\Core\MUSIC_PLAYER.cpp">
      <Filter>Foundation\Core</Filter>
    </ClCompile>
    <ClCompile Include="GeneratedFiles\Debug\moc_InformationView.cpp">
      <Filter>Generated Files</Filter>
    </ClCompile>
    <ClCompile Include="GeneratedFiles\Release\moc_InformationView.cpp">
      <Filter>Generated Files</Filter>
    </ClCompile>
    <ClCompile Include="Foundation\View\InformationView.cpp">
      <Filter>Foundation\View</Filter>
    </ClCompile>
  </ItemGroup>
  <ItemGroup>
    <ClInclude Include="stdafx.h">
      <Filter>Header Files</Filter>
    </ClInclude>
    <ClInclude Include="Foundation\Effect\WindowCompositionAttribute.h">
      <Filter>Foundation\Effect</Filter>
    </ClInclude>
    <ClInclude Include="GeneratedFiles\ui_AboutView.h">
      <Filter>Generated Files</Filter>
    </ClInclude>
    <ClInclude Include="GeneratedFiles\ui_SettingView.h">
      <Filter>Generated Files</Filter>
    </ClInclude>
    <ClInclude Include="resource.h">
      <Filter>Header Files</Filter>
    </ClInclude>
  </ItemGroup>
  <ItemGroup>
    <CustomBuild Include="MainView.h">
      <Filter>Header Files</Filter>
    </CustomBuild>
    <CustomBuild Include="MainView.qrc">
      <Filter>Resource Files</Filter>
    </CustomBuild>
    <CustomBuild Include="Foundation\View\BaseView.h">
      <Filter>Foundation\View</Filter>
    </CustomBuild>
    <CustomBuild Include="Foundation\Control\CaptionButton.h">
      <Filter>Foundation\Control\CaptionButton</Filter>
    </CustomBuild>
    <CustomBuild Include="Foundation\Control\ActionButton.h">
      <Filter>Foundation\Control\ActionButton</Filter>
    </CustomBuild>
    <CustomBuild Include="Foundation\Control\ImageWidget.h">
      <Filter>Foundation\Control\ImageWidget</Filter>
    </CustomBuild>
    <CustomBuild Include="Foundation\Control\Label.h">
      <Filter>Foundation\Control\Label</Filter>
    </CustomBuild>
    <CustomBuild Include="Foundation\Control\Slider.h">
      <Filter>Foundation\Control\Slider</Filter>
    </CustomBuild>
    <CustomBuild Include="Foundation\Effect\CustomShadowEffect.h">
      <Filter>Foundation\Effect</Filter>
    </CustomBuild>
    <CustomBuild Include="Foundation\Control\Menu.h">
      <Filter>Foundation\Control\Menu</Filter>
    </CustomBuild>
    <CustomBuild Include="Foundation\View\AboutView.ui">
      <Filter>Form Files</Filter>
    </CustomBuild>
    <CustomBuild Include="Foundation\View\AboutView.h">
      <Filter>Foundation\View</Filter>
    </CustomBuild>
    <CustomBuild Include="Foundation\View\SettingView.ui">
      <Filter>Form Files</Filter>
    </CustomBuild>
    <CustomBuild Include="Foundation\View\SettingView.h">
      <Filter>Foundation\View</Filter>
    </CustomBuild>
    <CustomBuild Include="Resources\icons.qrc">
      <Filter>Resource Files</Filter>
    </CustomBuild>
    <CustomBuild Include="Foundation\Control\SystemTray.h">
      <Filter>Header Files</Filter>
    </CustomBuild>
    <CustomBuild Include="Foundation\Core\MUSIC_TAG_INFO.h">
      <Filter>Foundation\Core</Filter>
    </CustomBuild>
    <CustomBuild Include="Foundation\Core\MUSIC_PLAYER.h">
      <Filter>Foundation\Core</Filter>
    </CustomBuild>
    <CustomBuild Include="Foundation\View\InformationView.h">
      <Filter>Foundation\View</Filter>
    </CustomBuild>
  </ItemGroup>
  <ItemGroup>
    <ResourceCompile Include="MillenniumPlayer.rc" />
  </ItemGroup>
</Project>